
Microsoft Visual Studio Solution File, Format Version 12.00
# Visual Studio Version 16
VisualStudioVersion = 16.0.31729.503
MinimumVisualStudioVersion = 10.0.40219.1
Project("{9A19103F-16F7-4668-BE54-9A1E7A4F7556}") = "secWebPlay", "secWebPlay.csproj", "{7DB162A9-42AA-44A0-8FD0-A1157F35FFD2}"
EndProject
Project("{FAE04EC0-301F-11D3-BF4B-00C04F79EFBC}") = "xunitTest", "xunitTest\xunitTest.csproj", "{4AE10912-5E0D-47B4-A7AB-BE0B4984E36E}"
EndProject
Global
	GlobalSection(SolutionConfigurationPlatforms) = preSolution
		Debug|Any CPU = Debug|Any CPU
		Release|Any CPU = Release|Any CPU
	EndGlobalSection
	GlobalSection(ProjectConfigurationPlatforms) = postSolution
		{7DB162A9-42AA-44A0-8FD0-A1157F35FFD2}.Debug|Any CPU.ActiveCfg = Debug|Any CPU
		{7DB162A9-42AA-44A0-8FD0-A1157F35FFD2}.Debug|Any CPU.Build.0 = Debug|Any CPU
		{7DB162A9-42AA-44A0-8FD0-A1157F35FFD2}.Release|Any CPU.ActiveCfg = Release|Any CPU
		{7DB162A9-42AA-44A0-8FD0-A1157F35FFD2}.Release|Any CPU.Build.0 = Release|Any CPU
		{4AE10912-5E0D-47B4-A7AB-BE0B4984E36E}.Debug|Any CPU.ActiveCfg = Debug|Any CPU
		{4AE10912-5E0D-47B4-A7AB-BE0B4984E36E}.Debug|Any CPU.Build.0 = Debug|Any CPU
		{4AE10912-5E0D-47B4-A7AB-BE0B4984E36E}.Release|Any CPU.ActiveCfg = Release|Any CPU
		{4AE10912-5E0D-47B4-A7AB-BE0B4984E36E}.Release|Any CPU.Build.0 = Release|Any CPU
	EndGlobalSection
	GlobalSection(SolutionProperties) = preSolution
		HideSolutionNode = FALSE
	EndGlobalSection
	GlobalSection(ExtensibilityGlobals) = postSolution
		SolutionGuid = {4D819F45-1DEB-4EB4-B799-4D8153AE5BAD}
	EndGlobalSection
EndGlobal
